
Microsoft Visual Studio Solution File, Format Version 12.00
# Visual Studio Version 16
VisualStudioVersion = 16.0.29201.188
MinimumVisualStudioVersion = 10.0.40219.1
Project("{9A19103F-16F7-4668-BE54-9A1E7A4F7556}") = "BizCover.Api.Cars", "BizCover.Api.Cars\BizCover.Api.Cars.csproj", "{F0DE240B-6A6F-442C-A3F9-639EFF39E9E4}"
EndProject
Project("{FAE04EC0-301F-11D3-BF4B-00C04F79EFBC}") = "BizCover.Api.Cars.UnitTests", "BizCover.Api.Cars.UnitTests\BizCover.Api.Cars.UnitTests.csproj", "{04D5FD07-D4D5-4C69-BC7A-D60525D29D63}"
EndProject
Project("{FAE04EC0-301F-11D3-BF4B-00C04F79EFBC}") = "BizCover.Api.Cars.IntegrationTests", "BizCover.Api.Cars.IntegrationTests\BizCover.Api.Cars.IntegrationTests.csproj", "{A5F8B495-BCE3-434E-9D1B-0A88B6EE7548}"
EndProject
Global
	GlobalSection(SolutionConfigurationPlatforms) = preSolution
		Debug|Any CPU = Debug|Any CPU
		Release|Any CPU = Release|Any CPU
	EndGlobalSection
	GlobalSection(ProjectConfigurationPlatforms) = postSolution
		{F0DE240B-6A6F-442C-A3F9-639EFF39E9E4}.Debug|Any CPU.ActiveCfg = Debug|Any CPU
		{F0DE240B-6A6F-442C-A3F9-639EFF39E9E4}.Debug|Any CPU.Build.0 = Debug|Any CPU
		{F0DE240B-6A6F-442C-A3F9-639EFF39E9E4}.Release|Any CPU.ActiveCfg = Release|Any CPU
		{F0DE240B-6A6F-442C-A3F9-639EFF39E9E4}.Release|Any CPU.Build.0 = Release|Any CPU
		{04D5FD07-D4D5-4C69-BC7A-D60525D29D63}.Debug|Any CPU.ActiveCfg = Debug|Any CPU
		{04D5FD07-D4D5-4C69-BC7A-D60525D29D63}.Debug|Any CPU.Build.0 = Debug|Any CPU
		{04D5FD07-D4D5-4C69-BC7A-D60525D29D63}.Release|Any CPU.ActiveCfg = Release|Any CPU
		{04D5FD07-D4D5-4C69-BC7A-D60525D29D63}.Release|Any CPU.Build.0 = Release|Any CPU
		{A5F8B495-BCE3-434E-9D1B-0A88B6EE7548}.Debug|Any CPU.ActiveCfg = Debug|Any CPU
		{A5F8B495-BCE3-434E-9D1B-0A88B6EE7548}.Debug|Any CPU.Build.0 = Debug|Any CPU
		{A5F8B495-BCE3-434E-9D1B-0A88B6EE7548}.Release|Any CPU.ActiveCfg = Release|Any CPU
		{A5F8B495-BCE3-434E-9D1B-0A88B6EE7548}.Release|Any CPU.Build.0 = Release|Any CPU
	EndGlobalSection
	GlobalSection(SolutionProperties) = preSolution
		HideSolutionNode = FALSE
	EndGlobalSection
	GlobalSection(ExtensibilityGlobals) = postSolution
		SolutionGuid = {6962DAD9-4846-4955-B69E-9A4DD1C8560D}
	EndGlobalSection
EndGlobal
